
Microsoft Visual Studio Solution File, Format Version 12.00
# Visual Studio Version 17
VisualStudioVersion = 17.12.35527.113
MinimumVisualStudioVersion = 10.0.40219.1
Project("{FAE04EC0-301F-11D3-BF4B-00C04F79EFBC}") = "SimpleMongoMigrations", "SimpleMongoMigrations\SimpleMongoMigrations.csproj", "{FCC6E3FE-2D3E-439D-BE8F-ECB18BB89CBA}"
EndProject
Project("{2150E333-8FDC-42A3-9474-1A3956D46DE8}") = "Demo", "Demo", "{8D9E3058-CB45-4E2D-970C-A648746F71D8}"
EndProject
Project("{FAE04EC0-301F-11D3-BF4B-00C04F79EFBC}") = "SimpleMongoMigrations.Demo.ConsoleNet6", "SimpleMongoMigrations.Demo.ConsoleNet6\SimpleMongoMigrations.Demo.ConsoleNet6.csproj", "{4199FC26-302B-4ABB-9754-161C9CCA8F59}"
EndProject
Project("{FAE04EC0-301F-11D3-BF4B-00C04F79EFBC}") = "SimpleMongoMigrations.Demo.ConsoleNet472", "SimpleMongoMigrations.Demo.ConsoleNet472\SimpleMongoMigrations.Demo.ConsoleNet472.csproj", "{A4F03802-51D0-4187-A0A5-CB6C89E0462D}"
EndProject
Project("{FAE04EC0-301F-11D3-BF4B-00C04F79EFBC}") = "SimpleMongoMigrations.Demo.Migrations", "SimpleMongoMigrations.Demo.Migrations\SimpleMongoMigrations.Demo.Migrations.csproj", "{A480CDF0-8A68-4BF0-BCE4-D5CDB79981E5}"
EndProject
Project("{FAE04EC0-301F-11D3-BF4B-00C04F79EFBC}") = "SimpleMongoMigrations.Demo.Models", "SimpleMongoMigrations.Demo.Models\SimpleMongoMigrations.Demo.Models.csproj", "{5F0B4D81-92BB-4326-9F2F-9E82CDA59BAD}"
EndProject
Project("{2150E333-8FDC-42A3-9474-1A3956D46DE8}") = "Tests", "Tests", "{FFA1F390-A4B3-4964-BABE-5BAF2D2DEB47}"
EndProject
Project("{FAE04EC0-301F-11D3-BF4B-00C04F79EFBC}") = "SimpleMongoMigrations.Tests", "SimpleMongoMigrations.Tests\SimpleMongoMigrations.Tests.csproj", "{A6C3070E-B7C0-4CF9-B9E1-6F79CF9D6A77}"
EndProject
Global
	GlobalSection(SolutionConfigurationPlatforms) = preSolution
		Debug|Any CPU = Debug|Any CPU
		Release|Any CPU = Release|Any CPU
	EndGlobalSection
	GlobalSection(ProjectConfigurationPlatforms) = postSolution
		{FCC6E3FE-2D3E-439D-BE8F-ECB18BB89CBA}.Debug|Any CPU.ActiveCfg = Debug|Any CPU
		{FCC6E3FE-2D3E-439D-BE8F-ECB18BB89CBA}.Debug|Any CPU.Build.0 = Debug|Any CPU
		{FCC6E3FE-2D3E-439D-BE8F-ECB18BB89CBA}.Release|Any CPU.ActiveCfg = Release|Any CPU
		{FCC6E3FE-2D3E-439D-BE8F-ECB18BB89CBA}.Release|Any CPU.Build.0 = Release|Any CPU
		{4199FC26-302B-4ABB-9754-161C9CCA8F59}.Debug|Any CPU.ActiveCfg = Debug|Any CPU
		{4199FC26-302B-4ABB-9754-161C9CCA8F59}.Debug|Any CPU.Build.0 = Debug|Any CPU
		{4199FC26-302B-4ABB-9754-161C9CCA8F59}.Release|Any CPU.ActiveCfg = Release|Any CPU
		{4199FC26-302B-4ABB-9754-161C9CCA8F59}.Release|Any CPU.Build.0 = Release|Any CPU
		{A4F03802-51D0-4187-A0A5-CB6C89E0462D}.Debug|Any CPU.ActiveCfg = Debug|Any CPU
		{A4F03802-51D0-4187-A0A5-CB6C89E0462D}.Debug|Any CPU.Build.0 = Debug|Any CPU
		{A4F03802-51D0-4187-A0A5-CB6C89E0462D}.Release|Any CPU.ActiveCfg = Release|Any CPU
		{A4F03802-51D0-4187-A0A5-CB6C89E0462D}.Release|Any CPU.Build.0 = Release|Any CPU
		{A480CDF0-8A68-4BF0-BCE4-D5CDB79981E5}.Debug|Any CPU.ActiveCfg = Debug|Any CPU
		{A480CDF0-8A68-4BF0-BCE4-D5CDB79981E5}.Debug|Any CPU.Build.0 = Debug|Any CPU
		{A480CDF0-8A68-4BF0-BCE4-D5CDB79981E5}.Release|Any CPU.ActiveCfg = Release|Any CPU
		{A480CDF0-8A68-4BF0-BCE4-D5CDB79981E5}.Release|Any CPU.Build.0 = Release|Any CPU
		{5F0B4D81-92BB-4326-9F2F-9E82CDA59BAD}.Debug|Any CPU.ActiveCfg = Debug|Any CPU
		{5F0B4D81-92BB-4326-9F2F-9E82CDA59BAD}.Debug|Any CPU.Build.0 = Debug|Any CPU
		{5F0B4D81-92BB-4326-9F2F-9E82CDA59BAD}.Release|Any CPU.ActiveCfg = Release|Any CPU
		{5F0B4D81-92BB-4326-9F2F-9E82CDA59BAD}.Release|Any CPU.Build.0 = Release|Any CPU
		{A6C3070E-B7C0-4CF9-B9E1-6F79CF9D6A77}.Debug|Any CPU.ActiveCfg = Debug|Any CPU
		{A6C3070E-B7C0-4CF9-B9E1-6F79CF9D6A77}.Debug|Any CPU.Build.0 = Debug|Any CPU
		{A6C3070E-B7C0-4CF9-B9E1-6F79CF9D6A77}.Release|Any CPU.ActiveCfg = Release|Any CPU
		{A6C3070E-B7C0-4CF9-B9E1-6F79CF9D6A77}.Release|Any CPU.Build.0 = Release|Any CPU
	EndGlobalSection
	GlobalSection(SolutionProperties) = preSolution
		HideSolutionNode = FALSE
	EndGlobalSection
	GlobalSection(NestedProjects) = preSolution
		{4199FC26-302B-4ABB-9754-161C9CCA8F59} = {8D9E3058-CB45-4E2D-970C-A648746F71D8}
		{A4F03802-51D0-4187-A0A5-CB6C89E0462D} = {8D9E3058-CB45-4E2D-970C-A648746F71D8}
		{A480CDF0-8A68-4BF0-BCE4-D5CDB79981E5} = {8D9E3058-CB45-4E2D-970C-A648746F71D8}
		{5F0B4D81-92BB-4326-9F2F-9E82CDA59BAD} = {8D9E3058-CB45-4E2D-970C-A648746F71D8}
		{A6C3070E-B7C0-4CF9-B9E1-6F79CF9D6A77} = {FFA1F390-A4B3-4964-BABE-5BAF2D2DEB47}
	EndGlobalSection
EndGlobal
